
Microsoft Visual Studio Solution File, Format Version 12.00
# Visual Studio Version 16
VisualStudioVersion = 16.0.31605.320
MinimumVisualStudioVersion = 10.0.40219.1
Project("{FAE04EC0-301F-11D3-BF4B-00C04F79EFBC}") = "DIYScript_Interpreter", "DIYScript_Interpreter\DIYScript_Interpreter.csproj", "{41372FBB-7866-4BE8-ACFD-016BA77C946F}"
EndProject
Project("{FAE04EC0-301F-11D3-BF4B-00C04F79EFBC}") = "WinAeroSupport", "WinAeroSupport\WinAeroSupport.csproj", "{EB42BE90-72BB-4D62-8660-A68DC0EF15F6}"
EndProject
Global
	GlobalSection(SolutionConfigurationPlatforms) = preSolution
		Debug|Any CPU = Debug|Any CPU
		Release|Any CPU = Release|Any CPU
	EndGlobalSection
	GlobalSection(ProjectConfigurationPlatforms) = postSolution
		{41372FBB-7866-4BE8-ACFD-016BA77C946F}.Debug|Any CPU.ActiveCfg = Debug|Any CPU
		{41372FBB-7866-4BE8-ACFD-016BA77C946F}.Debug|Any CPU.Build.0 = Debug|Any CPU
		{41372FBB-7866-4BE8-ACFD-016BA77C946F}.Release|Any CPU.ActiveCfg = Release|Any CPU
		{41372FBB-7866-4BE8-ACFD-016BA77C946F}.Release|Any CPU.Build.0 = Release|Any CPU
		{EB42BE90-72BB-4D62-8660-A68DC0EF15F6}.Debug|Any CPU.ActiveCfg = Debug|Any CPU
		{EB42BE90-72BB-4D62-8660-A68DC0EF15F6}.Debug|Any CPU.Build.0 = Debug|Any CPU
		{EB42BE90-72BB-4D62-8660-A68DC0EF15F6}.Release|Any CPU.ActiveCfg = Release|Any CPU
		{EB42BE90-72BB-4D62-8660-A68DC0EF15F6}.Release|Any CPU.Build.0 = Release|Any CPU
	EndGlobalSection
	GlobalSection(SolutionProperties) = preSolution
		HideSolutionNode = FALSE
	EndGlobalSection
	GlobalSection(ExtensibilityGlobals) = postSolution
		SolutionGuid = {AE7C83D7-1F21-4E25-8873-7B2971468BE1}
	EndGlobalSection
EndGlobal
